uuid: 4d58c1f1-7382-4c31-b9cd-baa825478753
langcode: uk
status: true
dependencies:
  config:
    - views.view.gallery_home
  module:
    - system
    - views
  theme:
    - b5mykhalchuk
id: b5mykhalchuk_views_block__gallery_home_block
theme: b5mykhalchuk
region: content
weight: -3
provider: null
plugin: 'views_block:gallery_home-block'
settings:
  id: 'views_block:gallery_home-block'
  label: ''
  label_display: '0'
  provider: views
  views_label: ''
  items_per_page: none
visibility:
  request_path:
    id: request_path
    negate: false
    pages: '<front>'
